
Microsoft Visual Studio Solution File, Format Version 12.00
# Visual Studio Version 16
VisualStudioVersion = 16.0.31410.357
MinimumVisualStudioVersion = 10.0.40219.1
Project("{FAE04EC0-301F-11D3-BF4B-00C04F79EFBC}") = "Tarea04_23", "Tarea04_23\Tarea04_23.csproj", "{938441FB-36B4-454D-83D3-E0D6CAA3DFE2}"
EndProject
Global
	GlobalSection(SolutionConfigurationPlatforms) = preSolution
		Debug|Any CPU = Debug|Any CPU
		Release|Any CPU = Release|Any CPU
	EndGlobalSection
	GlobalSection(ProjectConfigurationPlatforms) = postSolution
		{938441FB-36B4-454D-83D3-E0D6CAA3DFE2}.Debug|Any CPU.ActiveCfg = Debug|Any CPU
		{938441FB-36B4-454D-83D3-E0D6CAA3DFE2}.Debug|Any CPU.Build.0 = Debug|Any CPU
		{938441FB-36B4-454D-83D3-E0D6CAA3DFE2}.Release|Any CPU.ActiveCfg = Release|Any CPU
		{938441FB-36B4-454D-83D3-E0D6CAA3DFE2}.Release|Any CPU.Build.0 = Release|Any CPU
	EndGlobalSection
	GlobalSection(SolutionProperties) = preSolution
		HideSolutionNode = FALSE
	EndGlobalSection
	GlobalSection(ExtensibilityGlobals) = postSolution
		SolutionGuid = {85074F21-07D5-4165-89EA-A542AD48D381}
	EndGlobalSection
EndGlobal
